{
  "name": "knowledge_graph",
  "lockfileVersion": 3,
  "requires": true,
  "packages": {
    "": {
      "dependencies": {
        "canvas-datagrid": "^0.4.7"
      }
    },
    "node_modules/canvas-datagrid": {
      "version": "0.4.7",
      "resolved": "https://registry.npmmirror.com/canvas-datagrid/-/canvas-datagrid-0.4.7.tgz",
      "integrity": "sha512-kEfC5uVWWSotY9Y3FgNBp7K5SNwLMXnsmmK+kVKv/MDhgZ0LYfIwy6I5X0Sx8Bqbv1Hv8BOm5BeERsE1ZiSSeg==",
      "dependencies": {
        "is-printable-key-event": "1.0.0"
      }
    },
    "node_modules/is-printable-key-event": {
      "version": "1.0.0",
      "resolved": "https://registry.npmmirror.com/is-printable-key-event/-/is-printable-key-event-1.0.0.tgz",
      "integrity": "sha512-C/GJ8ApSdY6/RGQrSSkBzuWDtYI9/mOTRLCOu/5iYH46pI7Ki6y6B71kPL7OWRzqv9KkWSEmskKdq5IvgAGPHA=="
    }
  }
}
